
Microsoft Visual Studio Solution File, Format Version 12.00
# Visual Studio Version 17
VisualStudioVersion = 17.7.34031.279
MinimumVisualStudioVersion = 10.0.40219.1
Project("{9A19103F-16F7-4668-BE54-9A1E7A4F7556}") = "Problem_1", "Problem_1\Problem_1.csproj", "{B400C610-98AA-4A67-BDF0-F3E9977FB2AC}"
EndProject
Project("{9A19103F-16F7-4668-BE54-9A1E7A4F7556}") = "Problem_2", "Problem_2\Problem_2.csproj", "{E9B8944A-F8DE-4813-9798-4ADCF75E23EB}"
EndProject
Project("{9A19103F-16F7-4668-BE54-9A1E7A4F7556}") = "Problem_3", "Problem_3\Problem_3.csproj", "{D09FBFC7-C677-45EC-AD23-32419DF313A6}"
EndProject
Project("{FAE04EC0-301F-11D3-BF4B-00C04F79EFBC}") = "Problem_4", "Problem_4\Problem_4.csproj", "{674E9194-C61D-4980-9799-F436AB34BCC5}"
EndProject
Project("{FAE04EC0-301F-11D3-BF4B-00C04F79EFBC}") = "Problem_5", "Problem_5\Problem_5.csproj", "{BB29FBBA-79AA-44EE-B4B4-C0C3EB81BB05}"
EndProject
Global
	GlobalSection(SolutionConfigurationPlatforms) = preSolution
		Debug|Any CPU = Debug|Any CPU
		Release|Any CPU = Release|Any CPU
	EndGlobalSection
	GlobalSection(ProjectConfigurationPlatforms) = postSolution
		{B400C610-98AA-4A67-BDF0-F3E9977FB2AC}.Debug|Any CPU.ActiveCfg = Debug|Any CPU
		{B400C610-98AA-4A67-BDF0-F3E9977FB2AC}.Debug|Any CPU.Build.0 = Debug|Any CPU
		{B400C610-98AA-4A67-BDF0-F3E9977FB2AC}.Release|Any CPU.ActiveCfg = Release|Any CPU
		{B400C610-98AA-4A67-BDF0-F3E9977FB2AC}.Release|Any CPU.Build.0 = Release|Any CPU
		{E9B8944A-F8DE-4813-9798-4ADCF75E23EB}.Debug|Any CPU.ActiveCfg = Debug|Any CPU
		{E9B8944A-F8DE-4813-9798-4ADCF75E23EB}.Debug|Any CPU.Build.0 = Debug|Any CPU
		{E9B8944A-F8DE-4813-9798-4ADCF75E23EB}.Release|Any CPU.ActiveCfg = Release|Any CPU
		{E9B8944A-F8DE-4813-9798-4ADCF75E23EB}.Release|Any CPU.Build.0 = Release|Any CPU
		{D09FBFC7-C677-45EC-AD23-32419DF313A6}.Debug|Any CPU.ActiveCfg = Debug|Any CPU
		{D09FBFC7-C677-45EC-AD23-32419DF313A6}.Debug|Any CPU.Build.0 = Debug|Any CPU
		{D09FBFC7-C677-45EC-AD23-32419DF313A6}.Release|Any CPU.ActiveCfg = Release|Any CPU
		{D09FBFC7-C677-45EC-AD23-32419DF313A6}.Release|Any CPU.Build.0 = Release|Any CPU
		{674E9194-C61D-4980-9799-F436AB34BCC5}.Debug|Any CPU.ActiveCfg = Debug|Any CPU
		{674E9194-C61D-4980-9799-F436AB34BCC5}.Debug|Any CPU.Build.0 = Debug|Any CPU
		{674E9194-C61D-4980-9799-F436AB34BCC5}.Release|Any CPU.ActiveCfg = Release|Any CPU
		{674E9194-C61D-4980-9799-F436AB34BCC5}.Release|Any CPU.Build.0 = Release|Any CPU
		{BB29FBBA-79AA-44EE-B4B4-C0C3EB81BB05}.Debug|Any CPU.ActiveCfg = Debug|Any CPU
		{BB29FBBA-79AA-44EE-B4B4-C0C3EB81BB05}.Debug|Any CPU.Build.0 = Debug|Any CPU
		{BB29FBBA-79AA-44EE-B4B4-C0C3EB81BB05}.Release|Any CPU.ActiveCfg = Release|Any CPU
		{BB29FBBA-79AA-44EE-B4B4-C0C3EB81BB05}.Release|Any CPU.Build.0 = Release|Any CPU
	EndGlobalSection
	GlobalSection(SolutionProperties) = preSolution
		HideSolutionNode = FALSE
	EndGlobalSection
	GlobalSection(ExtensibilityGlobals) = postSolution
		SolutionGuid = {194F112F-7503-4144-8FA8-CC9919D9FAD5}
	EndGlobalSection
EndGlobal
